{
  "name": "web-vscode-asciinema-player",
  "version": "0.0.1",
  "lockfileVersion": 2,
  "requires": true,
  "packages": {
    "": {
      "name": "web-vscode-asciinema-player",
      "version": "0.0.1",
      "license": "MIT",
      "dependencies": {
        "asciinema-player": "^2.6.1"
      }
    },
    "node_modules/asciinema-player": {
      "version": "2.6.1",
      "resolved": "https://registry.npmjs.org/asciinema-player/-/asciinema-player-2.6.1.tgz",
      "integrity": "sha512-W6nW8+X/Krw6aRXQG45qvOZA4g765zbtjoBbjkQl1R7RLPihT00iqMHuHQYbNC1lhFg8x3MkE9ZhOELgSJQX6g=="
    }
  },
  "dependencies": {
    "asciinema-player": {
      "version": "2.6.1",
      "resolved": "https://registry.npmjs.org/asciinema-player/-/asciinema-player-2.6.1.tgz",
      "integrity": "sha512-W6nW8+X/Krw6aRXQG45qvOZA4g765zbtjoBbjkQl1R7RLPihT00iqMHuHQYbNC1lhFg8x3MkE9ZhOELgSJQX6g=="
    }
  }
}
